// !$*UTF8*$!
{
	archiveVersion = 1;
	classes = {
	};
	objectVersion = 55;
	objects = {

/* Begin PBXBuildFile section */
		90240FAF2BA54E68003C264A /* Customize Search Engine.storekit in Resources */ = {isa = PBXBuildFile; fileRef = 90240FAE2BA54E68003C264A /* Customize Search Engine.storekit */; };
		903A4A212BA1D87F005E346B /* SettingView.swift in Sources */ = {isa = PBXBuildFile; fileRef = 903A4A202BA1D87F005E346B /* SettingView.swift */; };
		908FBC952BAD83FA00D77AE5 /* PrivacyInfo.xcprivacy in Resources */ = {isa = PBXBuildFile; fileRef = 908FBC942BAD83FA00D77AE5 /* PrivacyInfo.xcprivacy */; };
		908FBC962BAD83FA00D77AE5 /* PrivacyInfo.xcprivacy in Resources */ = {isa = PBXBuildFile; fileRef = 908FBC942BAD83FA00D77AE5 /* PrivacyInfo.xcprivacy */; };
		90ACB07B2BA5157A000E315D /* Localizable.xcstrings in Resources */ = {isa = PBXBuildFile; fileRef = 90ACB07A2BA5157A000E315D /* Localizable.xcstrings */; };
		90C9BE16288BE17000E22FB8 /* AppDelegate.swift in Sources */ = {isa = PBXBuildFile; fileRef = 90C9BE15288BE17000E22FB8 /* AppDelegate.swift */; };
		90C9BE30288BE17300E22FB8 /* Customize Search Engine Extension.appex in Embed Foundation Extensions */ = {isa = PBXBuildFile; fileRef = 90C9BE2F288BE17300E22FB8 /* Customize Search Engine Extension.appex */; settings = {ATTRIBUTES = (RemoveHeadersOnCopy, ); }; };
		90C9BE35288BE17300E22FB8 /* SafariWebExtensionHandler.swift in Sources */ = {isa = PBXBuildFile; fileRef = 90C9BE34288BE17300E22FB8 /* SafariWebExtensionHandler.swift */; };
		90C9BE38288BE17300E22FB8 /* _locales in Resources */ = {isa = PBXBuildFile; fileRef = 90C9BE37288BE17300E22FB8 /* _locales */; };
		90C9BE3A288BE17300E22FB8 /* images in Resources */ = {isa = PBXBuildFile; fileRef = 90C9BE39288BE17300E22FB8 /* images */; };
		90C9BE3C288BE17300E22FB8 /* manifest.json in Resources */ = {isa = PBXBuildFile; fileRef = 90C9BE3B288BE17300E22FB8 /* manifest.json */; };
		90C9BE3E288BE17300E22FB8 /* background.js in Resources */ = {isa = PBXBuildFile; fileRef = 90C9BE3D288BE17300E22FB8 /* background.js */; };
		90C9BE40288BE17300E22FB8 /* content.js in Resources */ = {isa = PBXBuildFile; fileRef = 90C9BE3F288BE17300E22FB8 /* content.js */; };
		90C9BE42288BE17300E22FB8 /* popup.html in Resources */ = {isa = PBXBuildFile; fileRef = 90C9BE41288BE17300E22FB8 /* popup.html */; };
		90C9BE44288BE17300E22FB8 /* popup.css in Resources */ = {isa = PBXBuildFile; fileRef = 90C9BE43288BE17300E22FB8 /* popup.css */; };
		90C9BE48288BE17300E22FB8 /* Assets.xcassets in Resources */ = {isa = PBXBuildFile; fileRef = 90C9BE29288BE17200E22FB8 /* Assets.xcassets */; };
/* End PBXBuildFile section */

/* Begin PBXContainerItemProxy section */
		90C9BE31288BE17300E22FB8 /* PBXContainerItemProxy */ = {
			isa = PBXContainerItemProxy;
			containerPortal = 90C9BE0A288BE17000E22FB8 /* Project object */;
			proxyType = 1;
			remoteGlobalIDString = 90C9BE2E288BE17300E22FB8;
			remoteInfo = "Custom Search Engine Extension";
		};
/* End PBXContainerItemProxy section */

/* Begin PBXCopyFilesBuildPhase section */
		90C9BE4E288BE17300E22FB8 /* Embed Foundation Extensions */ = {
			isa = PBXCopyFilesBuildPhase;
			buildActionMask = 2147483647;
			dstPath = "";
			dstSubfolderSpec = 13;
			files = (
				90C9BE30288BE17300E22FB8 /* Customize Search Engine Extension.appex in Embed Foundation Extensions */,
			);
			name = "Embed Foundation Extensions";
			runOnlyForDeploymentPostprocessing = 0;
		};
/* End PBXCopyFilesBuildPhase section */

/* Begin PBXFileReference section */
		90240FAE2BA54E68003C264A /* Customize Search Engine.storekit */ = {isa = PBXFileReference; lastKnownFileType = text; path = "Customize Search Engine.storekit"; sourceTree = "<group>"; };
		903A4A202BA1D87F005E346B /* SettingView.swift */ = {isa = PBXFileReference; lastKnownFileType = sourcecode.swift; path = SettingView.swift; sourceTree = "<group>"; };
		908FBC942BAD83FA00D77AE5 /* PrivacyInfo.xcprivacy */ = {isa = PBXFileReference; lastKnownFileType = text.xml; path = PrivacyInfo.xcprivacy; sourceTree = "<group>"; };
		90ACB07A2BA5157A000E315D /* Localizable.xcstrings */ = {isa = PBXFileReference; lastKnownFileType = text.json.xcstrings; path = Localizable.xcstrings; sourceTree = "<group>"; };
		90AD4058288E74CD00C5E21A /* Custom Search Engine Extension.entitlements */ = {isa = PBXFileReference; lastKnownFileType = text.plist.entitlements; path = "Custom Search Engine Extension.entitlements"; sourceTree = "<group>"; };
		90C9BE12288BE17000E22FB8 /* Customize Search Engine.app */ = {isa = PBXFileReference; explicitFileType = wrapper.application; includeInIndex = 0; path = "Customize Search Engine.app"; sourceTree = BUILT_PRODUCTS_DIR; };
		90C9BE15288BE17000E22FB8 /* AppDelegate.swift */ = {isa = PBXFileReference; lastKnownFileType = sourcecode.swift; path = AppDelegate.swift; sourceTree = "<group>"; };
		90C9BE29288BE17200E22FB8 /* Assets.xcassets */ = {isa = PBXFileReference; lastKnownFileType = folder.assetcatalog; path = Assets.xcassets; sourceTree = "<group>"; };
		90C9BE2A288BE17200E22FB8 /* Info.plist */ = {isa = PBXFileReference; lastKnownFileType = text.plist.xml; path = Info.plist; sourceTree = "<group>"; };
		90C9BE2F288BE17300E22FB8 /* Customize Search Engine Extension.appex */ = {isa = PBXFileReference; explicitFileType = "wrapper.app-extension"; includeInIndex = 0; path = "Customize Search Engine Extension.appex"; sourceTree = BUILT_PRODUCTS_DIR; };
		90C9BE34288BE17300E22FB8 /* SafariWebExtensionHandler.swift */ = {isa = PBXFileReference; lastKnownFileType = sourcecode.swift; path = SafariWebExtensionHandler.swift; sourceTree = "<group>"; };
		90C9BE37288BE17300E22FB8 /* _locales */ = {isa = PBXFileReference; lastKnownFileType = folder; path = _locales; sourceTree = "<group>"; };
		90C9BE39288BE17300E22FB8 /* images */ = {isa = PBXFileReference; lastKnownFileType = folder; path = images; sourceTree = "<group>"; };
		90C9BE3B288BE17300E22FB8 /* manifest.json */ = {isa = PBXFileReference; lastKnownFileType = text.json; path = manifest.json; sourceTree = "<group>"; };
		90C9BE3D288BE17300E22FB8 /* background.js */ = {isa = PBXFileReference; lastKnownFileType = sourcecode.javascript; path = background.js; sourceTree = "<group>"; };
		90C9BE3F288BE17300E22FB8 /* content.js */ = {isa = PBXFileReference; lastKnownFileType = sourcecode.javascript; path = content.js; sourceTree = "<group>"; };
		90C9BE41288BE17300E22FB8 /* popup.html */ = {isa = PBXFileReference; lastKnownFileType = text.html; path = popup.html; sourceTree = "<group>"; };
		90C9BE43288BE17300E22FB8 /* popup.css */ = {isa = PBXFileReference; lastKnownFileType = text.css; path = popup.css; sourceTree = "<group>"; };
		90C9BE47288BE17300E22FB8 /* Info.plist */ = {isa = PBXFileReference; lastKnownFileType = text.plist.xml; path = Info.plist; sourceTree = "<group>"; };
		90C9BE52288D09DB00E22FB8 /* Custom Search Engine.entitlements */ = {isa = PBXFileReference; lastKnownFileType = text.plist.entitlements; path = "Custom Search Engine.entitlements"; sourceTree = "<group>"; };
/* End PBXFileReference section */

/* Begin PBXFrameworksBuildPhase section */
		90C9BE0F288BE17000E22FB8 /* Frameworks */ = {
			isa = PBXFrameworksBuildPhase;
			buildActionMask = 2147483647;
			files = (
			);
			runOnlyForDeploymentPostprocessing = 0;
		};
		90C9BE2C288BE17300E22FB8 /* Frameworks */ = {
			isa = PBXFrameworksBuildPhase;
			buildActionMask = 2147483647;
			files = (
			);
			runOnlyForDeploymentPostprocessing = 0;
		};
/* End PBXFrameworksBuildPhase section */

/* Begin PBXGroup section */
		90C9BE09288BE17000E22FB8 = {
			isa = PBXGroup;
			children = (
				908FBC942BAD83FA00D77AE5 /* PrivacyInfo.xcprivacy */,
				90ACB07A2BA5157A000E315D /* Localizable.xcstrings */,
				90C9BE14288BE17000E22FB8 /* Custom Search Engine */,
				90C9BE33288BE17300E22FB8 /* Custom Search Engine Extension */,
				90C9BE13288BE17000E22FB8 /* Products */,
			);
			sourceTree = "<group>";
		};
		90C9BE13288BE17000E22FB8 /* Products */ = {
			isa = PBXGroup;
			children = (
				90C9BE12288BE17000E22FB8 /* Customize Search Engine.app */,
				90C9BE2F288BE17300E22FB8 /* Customize Search Engine Extension.appex */,
			);
			name = Products;
			sourceTree = "<group>";
		};
		90C9BE14288BE17000E22FB8 /* Custom Search Engine */ = {
			isa = PBXGroup;
			children = (
				90C9BE52288D09DB00E22FB8 /* Custom Search Engine.entitlements */,
				90C9BE15288BE17000E22FB8 /* AppDelegate.swift */,
				903A4A202BA1D87F005E346B /* SettingView.swift */,
				90240FAE2BA54E68003C264A /* Customize Search Engine.storekit */,
				90C9BE29288BE17200E22FB8 /* Assets.xcassets */,
				90C9BE2A288BE17200E22FB8 /* Info.plist */,
			);
			path = "Custom Search Engine";
			sourceTree = "<group>";
		};
		90C9BE33288BE17300E22FB8 /* Custom Search Engine Extension */ = {
			isa = PBXGroup;
			children = (
				90AD4058288E74CD00C5E21A /* Custom Search Engine Extension.entitlements */,
				90C9BE34288BE17300E22FB8 /* SafariWebExtensionHandler.swift */,
				90C9BE47288BE17300E22FB8 /* Info.plist */,
				90C9BE36288BE17300E22FB8 /* Resources */,
			);
			path = "Custom Search Engine Extension";
			sourceTree = "<group>";
		};
		90C9BE36288BE17300E22FB8 /* Resources */ = {
			isa = PBXGroup;
			children = (
				90C9BE37288BE17300E22FB8 /* _locales */,
				90C9BE39288BE17300E22FB8 /* images */,
				90C9BE3B288BE17300E22FB8 /* manifest.json */,
				90C9BE3D288BE17300E22FB8 /* background.js */,
				90C9BE3F288BE17300E22FB8 /* content.js */,
				90C9BE41288BE17300E22FB8 /* popup.html */,
				90C9BE43288BE17300E22FB8 /* popup.css */,
			);
			path = Resources;
			sourceTree = "<group>";
		};
/* End PBXGroup section */

/* Begin PBXNativeTarget section */
		90C9BE11288BE17000E22FB8 /* Customize Search Engine */ = {
			isa = PBXNativeTarget;
			buildConfigurationList = 90C9BE4F288BE17300E22FB8 /* Build configuration list for PBXNativeTarget "Customize Search Engine" */;
			buildPhases = (
				90C9BE0E288BE17000E22FB8 /* Sources */,
				90C9BE0F288BE17000E22FB8 /* Frameworks */,
				90C9BE10288BE17000E22FB8 /* Resources */,
				90C9BE4E288BE17300E22FB8 /* Embed Foundation Extensions */,
			);
			buildRules = (
			);
			dependencies = (
				90C9BE32288BE17300E22FB8 /* PBXTargetDependency */,
			);
			name = "Customize Search Engine";
			productName = "Custom Search Engine";
			productReference = 90C9BE12288BE17000E22FB8 /* Customize Search Engine.app */;
			productType = "com.apple.product-type.application";
		};
		90C9BE2E288BE17300E22FB8 /* Customize Search Engine Extension */ = {
			isa = PBXNativeTarget;
			buildConfigurationList = 90C9BE4B288BE17300E22FB8 /* Build configuration list for PBXNativeTarget "Customize Search Engine Extension" */;
			buildPhases = (
				90C9BE2B288BE17300E22FB8 /* Sources */,
				90C9BE2C288BE17300E22FB8 /* Frameworks */,
				90C9BE2D288BE17300E22FB8 /* Resources */,
			);
			buildRules = (
			);
			dependencies = (
			);
			name = "Customize Search Engine Extension";
			productName = "Custom Search Engine Extension";
			productReference = 90C9BE2F288BE17300E22FB8 /* Customize Search Engine Extension.appex */;
			productType = "com.apple.product-type.app-extension";
		};
/* End PBXNativeTarget section */

/* Begin PBXProject section */
		90C9BE0A288BE17000E22FB8 /* Project object */ = {
			isa = PBXProject;
			attributes = {
				BuildIndependentTargetsInParallel = 1;
				LastSwiftUpdateCheck = 1400;
				LastUpgradeCheck = 1530;
				TargetAttributes = {
					90C9BE11288BE17000E22FB8 = {
						CreatedOnToolsVersion = 14.0;
					};
					90C9BE2E288BE17300E22FB8 = {
						CreatedOnToolsVersion = 14.0;
					};
				};
			};
			buildConfigurationList = 90C9BE0D288BE17000E22FB8 /* Build configuration list for PBXProject "Customize Search Engine" */;
			compatibilityVersion = "Xcode 13.0";
			developmentRegion = en;
			hasScannedForEncodings = 0;
			knownRegions = (
				en,
				Base,
				ja,
				es,
				"zh-Hans",
				"zh-Hant",
				fr,
				de,
				ru,
				ko,
			);
			mainGroup = 90C9BE09288BE17000E22FB8;
			productRefGroup = 90C9BE13288BE17000E22FB8 /* Products */;
			projectDirPath = "";
			projectRoot = "";
			targets = (
				90C9BE11288BE17000E22FB8 /* Customize Search Engine */,
				90C9BE2E288BE17300E22FB8 /* Customize Search Engine Extension */,
			);
		};
/* End PBXProject section */

/* Begin PBXResourcesBuildPhase section */
		90C9BE10288BE17000E22FB8 /* Resources */ = {
			isa = PBXResourcesBuildPhase;
			buildActionMask = 2147483647;
			files = (
				90240FAF2BA54E68003C264A /* Customize Search Engine.storekit in Resources */,
				90C9BE48288BE17300E22FB8 /* Assets.xcassets in Resources */,
				908FBC952BAD83FA00D77AE5 /* PrivacyInfo.xcprivacy in Resources */,
				90ACB07B2BA5157A000E315D /* Localizable.xcstrings in Resources */,
			);
			runOnlyForDeploymentPostprocessing = 0;
		};
		90C9BE2D288BE17300E22FB8 /* Resources */ = {
			isa = PBXResourcesBuildPhase;
			buildActionMask = 2147483647;
			files = (
				90C9BE3E288BE17300E22FB8 /* background.js in Resources */,
				90C9BE44288BE17300E22FB8 /* popup.css in Resources */,
				90C9BE42288BE17300E22FB8 /* popup.html in Resources */,
				90C9BE3A288BE17300E22FB8 /* images in Resources */,
				90C9BE3C288BE17300E22FB8 /* manifest.json in Resources */,
				90C9BE38288BE17300E22FB8 /* _locales in Resources */,
				908FBC962BAD83FA00D77AE5 /* PrivacyInfo.xcprivacy in Resources */,
				90C9BE40288BE17300E22FB8 /* content.js in Resources */,
			);
			runOnlyForDeploymentPostprocessing = 0;
		};
/* End PBXResourcesBuildPhase section */

/* Begin PBXSourcesBuildPhase section */
		90C9BE0E288BE17000E22FB8 /* Sources */ = {
			isa = PBXSourcesBuildPhase;
			buildActionMask = 2147483647;
			files = (
				903A4A212BA1D87F005E346B /* SettingView.swift in Sources */,
				90C9BE16288BE17000E22FB8 /* AppDelegate.swift in Sources */,
			);
			runOnlyForDeploymentPostprocessing = 0;
		};
		90C9BE2B288BE17300E22FB8 /* Sources */ = {
			isa = PBXSourcesBuildPhase;
			buildActionMask = 2147483647;
			files = (
				90C9BE35288BE17300E22FB8 /* SafariWebExtensionHandler.swift in Sources */,
			);
			runOnlyForDeploymentPostprocessing = 0;
		};
/* End PBXSourcesBuildPhase section */

/* Begin PBXTargetDependency section */
		90C9BE32288BE17300E22FB8 /* PBXTargetDependency */ = {
			isa = PBXTargetDependency;
			target = 90C9BE2E288BE17300E22FB8 /* Customize Search Engine Extension */;
			targetProxy = 90C9BE31288BE17300E22FB8 /* PBXContainerItemProxy */;
		};
/* End PBXTargetDependency section */

/* Begin XCBuildConfiguration section */
		908FBC912BAD802B00D77AE5 /* Release visionOS */ = {
			isa = XCBuildConfiguration;
			buildSettings = {
				ALWAYS_SEARCH_USER_PATHS = NO;
				CLANG_ANALYZER_LOCALIZABILITY_NONLOCALIZED = YES;
				CLANG_ANALYZER_NONNULL = YES;
				CLANG_ANALYZER_NUMBER_OBJECT_CONVERSION = YES_AGGRESSIVE;
				CLANG_CXX_LANGUAGE_STANDARD = "gnu++20";
				CLANG_ENABLE_MODULES = YES;
				CLANG_ENABLE_OBJC_ARC = YES;
				CLANG_ENABLE_OBJC_WEAK = YES;
				CLANG_WARN_BLOCK_CAPTURE_AUTORELEASING = YES;
				CLANG_WARN_BOOL_CONVERSION = YES;
				CLANG_WARN_COMMA = YES;
				CLANG_WARN_CONSTANT_CONVERSION = YES;
				CLANG_WARN_DEPRECATED_OBJC_IMPLEMENTATIONS = YES;
				CLANG_WARN_DIRECT_OBJC_ISA_USAGE = YES_ERROR;
				CLANG_WARN_DOCUMENTATION_COMMENTS = YES;
				CLANG_WARN_EMPTY_BODY = YES;
				CLANG_WARN_ENUM_CONVERSION = YES;
				CLANG_WARN_INFINITE_RECURSION = YES;
				CLANG_WARN_INT_CONVERSION = YES;
				CLANG_WARN_NON_LITERAL_NULL_CONVERSION = YES;
				CLANG_WARN_OBJC_IMPLICIT_RETAIN_SELF = YES;
				CLANG_WARN_OBJC_LITERAL_CONVERSION = YES;
				CLANG_WARN_OBJC_ROOT_CLASS = YES_ERROR;
				CLANG_WARN_QUOTED_INCLUDE_IN_FRAMEWORK_HEADER = YES;
				CLANG_WARN_RANGE_LOOP_ANALYSIS = YES;
				CLANG_WARN_STRICT_PROTOTYPES = YES;
				CLANG_WARN_SUSPICIOUS_MOVE = YES;
				CLANG_WARN_UNGUARDED_AVAILABILITY = YES_AGGRESSIVE;
				CLANG_WARN_UNREACHABLE_CODE = YES;
				CLANG_WARN__DUPLICATE_METHOD_MATCH = YES;
				COPY_PHASE_STRIP = NO;
				DEBUG_INFORMATION_FORMAT = "dwarf-with-dsym";
				ENABLE_NS_ASSERTIONS = NO;
				ENABLE_STRICT_OBJC_MSGSEND = YES;
				ENABLE_USER_SCRIPT_SANDBOXING = YES;
				GCC_C_LANGUAGE_STANDARD = gnu11;
				GCC_NO_COMMON_BLOCKS = YES;
				GCC_WARN_64_TO_32_BIT_CONVERSION = YES;
				GCC_WARN_ABOUT_RETURN_TYPE = YES_ERROR;
				GCC_WARN_UNDECLARED_SELECTOR = YES;
				GCC_WARN_UNINITIALIZED_AUTOS = YES_AGGRESSIVE;
				GCC_WARN_UNUSED_FUNCTION = YES;
				GCC_WARN_UNUSED_VARIABLE = YES;
				IPHONEOS_DEPLOYMENT_TARGET = 15.5;
				MACOSX_DEPLOYMENT_TARGET = 10.15;
				MTL_ENABLE_DEBUG_INFO = NO;
				MTL_FAST_MATH = YES;
				SDKROOT = xros;
				SWIFT_ACTIVE_COMPILATION_CONDITIONS = visionOS;
				SWIFT_COMPILATION_MODE = wholemodule;
				SWIFT_OPTIMIZATION_LEVEL = "-O";
				VALIDATE_PRODUCT = YES;
				XROS_DEPLOYMENT_TARGET = 1.0;
			};
			name = "Release visionOS";
		};
		908FBC922BAD802B00D77AE5 /* Release visionOS */ = {
			isa = XCBuildConfiguration;
			buildSettings = {
				ALWAYS_EMBED_SWIFT_STANDARD_LIBRARIES = YES;
				ASSETCATALOG_COMPILER_APPICON_NAME = AppIcon;
				ASSETCATALOG_COMPILER_GLOBAL_ACCENT_COLOR_NAME = AccentColor;
				ASSETCATALOG_COMPILER_INCLUDE_ALL_APPICON_ASSETS = YES;
				CODE_SIGN_ENTITLEMENTS = "Custom Search Engine/Custom Search Engine.entitlements";
				CODE_SIGN_STYLE = Automatic;
				CURRENT_PROJECT_VERSION = 17;
				DEVELOPMENT_TEAM = Z8R89S24YT;
				GENERATE_INFOPLIST_FILE = YES;
				INFOPLIST_FILE = "Custom Search Engine/Info.plist";
				INFOPLIST_KEY_CFBundleDisplayName = CSE;
				INFOPLIST_KEY_LSApplicationCategoryType = "public.app-category.utilities";
				INFOPLIST_KEY_UIApplicationSupportsIndirectInputEvents = YES;
				INFOPLIST_KEY_UIRequiresFullScreen = NO;
				INFOPLIST_KEY_UISupportedInterfaceOrientations = "UIInterfaceOrientationLandscapeLeft UIInterfaceOrientationLandscapeRight UIInterfaceOrientationPortrait UIInterfaceOrientationPortraitUpsideDown";
				IPHONEOS_DEPLOYMENT_TARGET = 15.0;
				LD_RUNPATH_SEARCH_PATHS = (
					"$(inherited)",
					"@executable_path/Frameworks",
				);
				MARKETING_VERSION = 2.2;
				OTHER_LDFLAGS = (
					"-framework",
					SafariServices,
					"-framework",
					WebKit,
				);
				PRODUCT_BUNDLE_IDENTIFIER = com.tsg0o0.cse;
				PRODUCT_NAME = "$(TARGET_NAME)";
				SDKROOT = xros;
				SUPPORTED_PLATFORMS = "xrsimulator xros";
				SUPPORTS_MACCATALYST = YES;
				SUPPORTS_MAC_DESIGNED_FOR_IPHONE_IPAD = NO;
				SUPPORTS_XR_DESIGNED_FOR_IPHONE_IPAD = NO;
				SWIFT_EMIT_LOC_STRINGS = YES;
				SWIFT_VERSION = 5.0;
				TARGETED_DEVICE_FAMILY = 7;
				XROS_DEPLOYMENT_TARGET = 1.0;
			};
			name = "Release visionOS";
		};
		908FBC932BAD802B00D77AE5 /* Release visionOS */ = {
			isa = XCBuildConfiguration;
			buildSettings = {
				ASSETCATALOG_COMPILER_APPICON_NAME = AppIcon;
				CODE_SIGN_ENTITLEMENTS = "Custom Search Engine Extension/Custom Search Engine Extension.entitlements";
				CODE_SIGN_STYLE = Automatic;
				CURRENT_PROJECT_VERSION = 9;
				DEVELOPMENT_TEAM = Z8R89S24YT;
				GENERATE_INFOPLIST_FILE = YES;
				INFOPLIST_FILE = "Custom Search Engine Extension/Info.plist";
				INFOPLIST_KEY_CFBundleDisplayName = CSE;
				INFOPLIST_KEY_NSHumanReadableCopyright = "";
				IPHONEOS_DEPLOYMENT_TARGET = 15.0;
				LD_RUNPATH_SEARCH_PATHS = (
					"$(inherited)",
					"@executable_path/Frameworks",
					"@executable_path/../../Frameworks",
				);
				MARKETING_VERSION = 1.6;
				OTHER_LDFLAGS = (
					"-framework",
					SafariServices,
				);
				PRODUCT_BUNDLE_IDENTIFIER = com.tsg0o0.cse.Extension;
				PRODUCT_NAME = "$(TARGET_NAME)";
				SDKROOT = xros;
				SKIP_INSTALL = YES;
				SUPPORTED_PLATFORMS = "xrsimulator xros";
				SUPPORTS_MACCATALYST = YES;
				SUPPORTS_MAC_DESIGNED_FOR_IPHONE_IPAD = NO;
				SUPPORTS_XR_DESIGNED_FOR_IPHONE_IPAD = NO;
				SWIFT_EMIT_LOC_STRINGS = YES;
				SWIFT_VERSION = 5.0;
				TARGETED_DEVICE_FAMILY = 7;
				XROS_DEPLOYMENT_TARGET = 1.0;
			};
			name = "Release visionOS";
		};
		90BC1A362BAD2CC700961F3B /* Release iOS */ = {
			isa = XCBuildConfiguration;
			buildSettings = {
				ALWAYS_SEARCH_USER_PATHS = NO;
				CLANG_ANALYZER_LOCALIZABILITY_NONLOCALIZED = YES;
				CLANG_ANALYZER_NONNULL = YES;
				CLANG_ANALYZER_NUMBER_OBJECT_CONVERSION = YES_AGGRESSIVE;
				CLANG_CXX_LANGUAGE_STANDARD = "gnu++20";
				CLANG_ENABLE_MODULES = YES;
				CLANG_ENABLE_OBJC_ARC = YES;
				CLANG_ENABLE_OBJC_WEAK = YES;
				CLANG_WARN_BLOCK_CAPTURE_AUTORELEASING = YES;
				CLANG_WARN_BOOL_CONVERSION = YES;
				CLANG_WARN_COMMA = YES;
				CLANG_WARN_CONSTANT_CONVERSION = YES;
				CLANG_WARN_DEPRECATED_OBJC_IMPLEMENTATIONS = YES;
				CLANG_WARN_DIRECT_OBJC_ISA_USAGE = YES_ERROR;
				CLANG_WARN_DOCUMENTATION_COMMENTS = YES;
				CLANG_WARN_EMPTY_BODY = YES;
				CLANG_WARN_ENUM_CONVERSION = YES;
				CLANG_WARN_INFINITE_RECURSION = YES;
				CLANG_WARN_INT_CONVERSION = YES;
				CLANG_WARN_NON_LITERAL_NULL_CONVERSION = YES;
				CLANG_WARN_OBJC_IMPLICIT_RETAIN_SELF = YES;
				CLANG_WARN_OBJC_LITERAL_CONVERSION = YES;
				CLANG_WARN_OBJC_ROOT_CLASS = YES_ERROR;
				CLANG_WARN_QUOTED_INCLUDE_IN_FRAMEWORK_HEADER = YES;
				CLANG_WARN_RANGE_LOOP_ANALYSIS = YES;
				CLANG_WARN_STRICT_PROTOTYPES = YES;
				CLANG_WARN_SUSPICIOUS_MOVE = YES;
				CLANG_WARN_UNGUARDED_AVAILABILITY = YES_AGGRESSIVE;
				CLANG_WARN_UNREACHABLE_CODE = YES;
				CLANG_WARN__DUPLICATE_METHOD_MATCH = YES;
				COPY_PHASE_STRIP = NO;
				DEBUG_INFORMATION_FORMAT = "dwarf-with-dsym";
				ENABLE_NS_ASSERTIONS = NO;
				ENABLE_STRICT_OBJC_MSGSEND = YES;
				ENABLE_USER_SCRIPT_SANDBOXING = YES;
				GCC_C_LANGUAGE_STANDARD = gnu11;
				GCC_NO_COMMON_BLOCKS = YES;
				GCC_WARN_64_TO_32_BIT_CONVERSION = YES;
				GCC_WARN_ABOUT_RETURN_TYPE = YES_ERROR;
				GCC_WARN_UNDECLARED_SELECTOR = YES;
				GCC_WARN_UNINITIALIZED_AUTOS = YES_AGGRESSIVE;
				GCC_WARN_UNUSED_FUNCTION = YES;
				GCC_WARN_UNUSED_VARIABLE = YES;
				IPHONEOS_DEPLOYMENT_TARGET = 15.5;
				MACOSX_DEPLOYMENT_TARGET = 10.15;
				MTL_ENABLE_DEBUG_INFO = NO;
				MTL_FAST_MATH = YES;
				SDKROOT = iphoneos;
				SWIFT_ACTIVE_COMPILATION_CONDITIONS = iOS;
				SWIFT_COMPILATION_MODE = wholemodule;
				SWIFT_OPTIMIZATION_LEVEL = "-O";
				VALIDATE_PRODUCT = YES;
				XROS_DEPLOYMENT_TARGET = 1.0;
			};
			name = "Release iOS";
		};
		90BC1A372BAD2CC700961F3B /* Release iOS */ = {
			isa = XCBuildConfiguration;
			buildSettings = {
				ALWAYS_EMBED_SWIFT_STANDARD_LIBRARIES = YES;
				ASSETCATALOG_COMPILER_APPICON_NAME = AppIcon;
				ASSETCATALOG_COMPILER_GLOBAL_ACCENT_COLOR_NAME = AccentColor;
				ASSETCATALOG_COMPILER_INCLUDE_ALL_APPICON_ASSETS = YES;
				CODE_SIGN_ENTITLEMENTS = "Custom Search Engine/Custom Search Engine.entitlements";
				CODE_SIGN_STYLE = Automatic;
				CURRENT_PROJECT_VERSION = 17;
				DEVELOPMENT_TEAM = Z8R89S24YT;
				GENERATE_INFOPLIST_FILE = YES;
				INFOPLIST_FILE = "Custom Search Engine/Info.plist";
				INFOPLIST_KEY_CFBundleDisplayName = CSE;
				INFOPLIST_KEY_LSApplicationCategoryType = "public.app-category.utilities";
				INFOPLIST_KEY_UIApplicationSupportsIndirectInputEvents = YES;
				INFOPLIST_KEY_UIRequiresFullScreen = NO;
				INFOPLIST_KEY_UISupportedInterfaceOrientations = "UIInterfaceOrientationLandscapeLeft UIInterfaceOrientationLandscapeRight UIInterfaceOrientationPortrait UIInterfaceOrientationPortraitUpsideDown";
				IPHONEOS_DEPLOYMENT_TARGET = 15.0;
				LD_RUNPATH_SEARCH_PATHS = (
					"$(inherited)",
					"@executable_path/Frameworks",
				);
				MARKETING_VERSION = 2.2;
				OTHER_LDFLAGS = (
					"-framework",
					SafariServices,
					"-framework",
					WebKit,
				);
				PRODUCT_BUNDLE_IDENTIFIER = com.tsg0o0.cse;
				PRODUCT_NAME = "$(TARGET_NAME)";
				SDKROOT = iphoneos;
				SUPPORTED_PLATFORMS = "iphonesimulator iphoneos";
				SUPPORTS_MACCATALYST = YES;
				SUPPORTS_MAC_DESIGNED_FOR_IPHONE_IPAD = NO;
				SUPPORTS_XR_DESIGNED_FOR_IPHONE_IPAD = NO;
				SWIFT_EMIT_LOC_STRINGS = YES;
				SWIFT_VERSION = 5.0;
				TARGETED_DEVICE_FAMILY = "1,2";
				XROS_DEPLOYMENT_TARGET = 1.0;
			};
			name = "Release iOS";
		};
		90BC1A382BAD2CC700961F3B /* Release iOS */ = {
			isa = XCBuildConfiguration;
			buildSettings = {
				ASSETCATALOG_COMPILER_APPICON_NAME = AppIcon;
				CODE_SIGN_ENTITLEMENTS = "Custom Search Engine Extension/Custom Search Engine Extension.entitlements";
				CODE_SIGN_STYLE = Automatic;
				CURRENT_PROJECT_VERSION = 9;
				DEVELOPMENT_TEAM = Z8R89S24YT;
				GENERATE_INFOPLIST_FILE = YES;
				INFOPLIST_FILE = "Custom Search Engine Extension/Info.plist";
				INFOPLIST_KEY_CFBundleDisplayName = CSE;
				INFOPLIST_KEY_NSHumanReadableCopyright = "";
				IPHONEOS_DEPLOYMENT_TARGET = 15.0;
				LD_RUNPATH_SEARCH_PATHS = (
					"$(inherited)",
					"@executable_path/Frameworks",
					"@executable_path/../../Frameworks",
				);
				MARKETING_VERSION = 1.6;
				OTHER_LDFLAGS = (
					"-framework",
					SafariServices,
				);
				PRODUCT_BUNDLE_IDENTIFIER = com.tsg0o0.cse.Extension;
				PRODUCT_NAME = "$(TARGET_NAME)";
				SKIP_INSTALL = YES;
				SUPPORTED_PLATFORMS = "iphonesimulator iphoneos";
				SUPPORTS_MACCATALYST = YES;
				SUPPORTS_MAC_DESIGNED_FOR_IPHONE_IPAD = NO;
				SUPPORTS_XR_DESIGNED_FOR_IPHONE_IPAD = NO;
				SWIFT_EMIT_LOC_STRINGS = YES;
				SWIFT_VERSION = 5.0;
				TARGETED_DEVICE_FAMILY = "1,2";
				XROS_DEPLOYMENT_TARGET = 1.0;
			};
			name = "Release iOS";
		};
		90C9BE49288BE17300E22FB8 /* Debug */ = {
			isa = XCBuildConfiguration;
			buildSettings = {
				ALWAYS_SEARCH_USER_PATHS = NO;
				CLANG_ANALYZER_LOCALIZABILITY_NONLOCALIZED = YES;
				CLANG_ANALYZER_NONNULL = YES;
				CLANG_ANALYZER_NUMBER_OBJECT_CONVERSION = YES_AGGRESSIVE;
				CLANG_CXX_LANGUAGE_STANDARD = "gnu++20";
				CLANG_ENABLE_MODULES = YES;
				CLANG_ENABLE_OBJC_ARC = YES;
				CLANG_ENABLE_OBJC_WEAK = YES;
				CLANG_WARN_BLOCK_CAPTURE_AUTORELEASING = YES;
				CLANG_WARN_BOOL_CONVERSION = YES;
				CLANG_WARN_COMMA = YES;
				CLANG_WARN_CONSTANT_CONVERSION = YES;
				CLANG_WARN_DEPRECATED_OBJC_IMPLEMENTATIONS = YES;
				CLANG_WARN_DIRECT_OBJC_ISA_USAGE = YES_ERROR;
				CLANG_WARN_DOCUMENTATION_COMMENTS = YES;
				CLANG_WARN_EMPTY_BODY = YES;
				CLANG_WARN_ENUM_CONVERSION = YES;
				CLANG_WARN_INFINITE_RECURSION = YES;
				CLANG_WARN_INT_CONVERSION = YES;
				CLANG_WARN_NON_LITERAL_NULL_CONVERSION = YES;
				CLANG_WARN_OBJC_IMPLICIT_RETAIN_SELF = YES;
				CLANG_WARN_OBJC_LITERAL_CONVERSION = YES;
				CLANG_WARN_OBJC_ROOT_CLASS = YES_ERROR;
				CLANG_WARN_QUOTED_INCLUDE_IN_FRAMEWORK_HEADER = YES;
				CLANG_WARN_RANGE_LOOP_ANALYSIS = YES;
				CLANG_WARN_STRICT_PROTOTYPES = YES;
				CLANG_WARN_SUSPICIOUS_MOVE = YES;
				CLANG_WARN_UNGUARDED_AVAILABILITY = YES_AGGRESSIVE;
				CLANG_WARN_UNREACHABLE_CODE = YES;
				CLANG_WARN__DUPLICATE_METHOD_MATCH = YES;
				COPY_PHASE_STRIP = NO;
				DEBUG_INFORMATION_FORMAT = dwarf;
				ENABLE_STRICT_OBJC_MSGSEND = YES;
				ENABLE_TESTABILITY = YES;
				ENABLE_USER_SCRIPT_SANDBOXING = YES;
				GCC_C_LANGUAGE_STANDARD = gnu11;
				GCC_DYNAMIC_NO_PIC = NO;
				GCC_NO_COMMON_BLOCKS = YES;
				GCC_OPTIMIZATION_LEVEL = 0;
				GCC_PREPROCESSOR_DEFINITIONS = (
					"DEBUG=1",
					"$(inherited)",
				);
				GCC_WARN_64_TO_32_BIT_CONVERSION = YES;
				GCC_WARN_ABOUT_RETURN_TYPE = YES_ERROR;
				GCC_WARN_UNDECLARED_SELECTOR = YES;
				GCC_WARN_UNINITIALIZED_AUTOS = YES_AGGRESSIVE;
				GCC_WARN_UNUSED_FUNCTION = YES;
				GCC_WARN_UNUSED_VARIABLE = YES;
				IPHONEOS_DEPLOYMENT_TARGET = 15.5;
				MACOSX_DEPLOYMENT_TARGET = 10.15;
				MTL_ENABLE_DEBUG_INFO = INCLUDE_SOURCE;
				MTL_FAST_MATH = YES;
				ONLY_ACTIVE_ARCH = YES;
				SDKROOT = iphoneos;
				SWIFT_ACTIVE_COMPILATION_CONDITIONS = DEBUG;
				SWIFT_OPTIMIZATION_LEVEL = "-Onone";
				XROS_DEPLOYMENT_TARGET = 1.0;
			};
			name = Debug;
		};
		90C9BE4A288BE17300E22FB8 /* Release macOS */ = {
			isa = XCBuildConfiguration;
			buildSettings = {
				ALWAYS_SEARCH_USER_PATHS = NO;
				CLANG_ANALYZER_LOCALIZABILITY_NONLOCALIZED = YES;
				CLANG_ANALYZER_NONNULL = YES;
				CLANG_ANALYZER_NUMBER_OBJECT_CONVERSION = YES_AGGRESSIVE;
				CLANG_CXX_LANGUAGE_STANDARD = "gnu++20";
				CLANG_ENABLE_MODULES = YES;
				CLANG_ENABLE_OBJC_ARC = YES;
				CLANG_ENABLE_OBJC_WEAK = YES;
				CLANG_WARN_BLOCK_CAPTURE_AUTORELEASING = YES;
				CLANG_WARN_BOOL_CONVERSION = YES;
				CLANG_WARN_COMMA = YES;
				CLANG_WARN_CONSTANT_CONVERSION = YES;
				CLANG_WARN_DEPRECATED_OBJC_IMPLEMENTATIONS = YES;
				CLANG_WARN_DIRECT_OBJC_ISA_USAGE = YES_ERROR;
				CLANG_WARN_DOCUMENTATION_COMMENTS = YES;
				CLANG_WARN_EMPTY_BODY = YES;
				CLANG_WARN_ENUM_CONVERSION = YES;
				CLANG_WARN_INFINITE_RECURSION = YES;
				CLANG_WARN_INT_CONVERSION = YES;
				CLANG_WARN_NON_LITERAL_NULL_CONVERSION = YES;
				CLANG_WARN_OBJC_IMPLICIT_RETAIN_SELF = YES;
				CLANG_WARN_OBJC_LITERAL_CONVERSION = YES;
				CLANG_WARN_OBJC_ROOT_CLASS = YES_ERROR;
				CLANG_WARN_QUOTED_INCLUDE_IN_FRAMEWORK_HEADER = YES;
				CLANG_WARN_RANGE_LOOP_ANALYSIS = YES;
				CLANG_WARN_STRICT_PROTOTYPES = YES;
				CLANG_WARN_SUSPICIOUS_MOVE = YES;
				CLANG_WARN_UNGUARDED_AVAILABILITY = YES_AGGRESSIVE;
				CLANG_WARN_UNREACHABLE_CODE = YES;
				CLANG_WARN__DUPLICATE_METHOD_MATCH = YES;
				COPY_PHASE_STRIP = NO;
				DEBUG_INFORMATION_FORMAT = "dwarf-with-dsym";
				ENABLE_NS_ASSERTIONS = NO;
				ENABLE_STRICT_OBJC_MSGSEND = YES;
				ENABLE_USER_SCRIPT_SANDBOXING = YES;
				GCC_C_LANGUAGE_STANDARD = gnu11;
				GCC_NO_COMMON_BLOCKS = YES;
				GCC_WARN_64_TO_32_BIT_CONVERSION = YES;
				GCC_WARN_ABOUT_RETURN_TYPE = YES_ERROR;
				GCC_WARN_UNDECLARED_SELECTOR = YES;
				GCC_WARN_UNINITIALIZED_AUTOS = YES_AGGRESSIVE;
				GCC_WARN_UNUSED_FUNCTION = YES;
				GCC_WARN_UNUSED_VARIABLE = YES;
				IPHONEOS_DEPLOYMENT_TARGET = 15.5;
				MACOSX_DEPLOYMENT_TARGET = 10.15;
				MTL_ENABLE_DEBUG_INFO = NO;
				MTL_FAST_MATH = YES;
				SDKROOT = iphoneos;
				SWIFT_ACTIVE_COMPILATION_CONDITIONS = macOS;
				SWIFT_COMPILATION_MODE = wholemodule;
				SWIFT_OPTIMIZATION_LEVEL = "-O";
				VALIDATE_PRODUCT = YES;
				XROS_DEPLOYMENT_TARGET = 1.0;
			};
			name = "Release macOS";
		};
		90C9BE4C288BE17300E22FB8 /* Debug */ = {
			isa = XCBuildConfiguration;
			buildSettings = {
				ASSETCATALOG_COMPILER_APPICON_NAME = AppIcon;
				CODE_SIGN_ENTITLEMENTS = "Custom Search Engine Extension/Custom Search Engine Extension.entitlements";
				CODE_SIGN_STYLE = Automatic;
				CURRENT_PROJECT_VERSION = 9;
				DEVELOPMENT_TEAM = Z8R89S24YT;
				GENERATE_INFOPLIST_FILE = YES;
				INFOPLIST_FILE = "Custom Search Engine Extension/Info.plist";
				INFOPLIST_KEY_CFBundleDisplayName = CSE;
				INFOPLIST_KEY_NSHumanReadableCopyright = "";
				IPHONEOS_DEPLOYMENT_TARGET = 15.0;
				LD_RUNPATH_SEARCH_PATHS = (
					"$(inherited)",
					"@executable_path/Frameworks",
					"@executable_path/../../Frameworks",
				);
				MARKETING_VERSION = 1.6;
				OTHER_LDFLAGS = (
					"-framework",
					SafariServices,
				);
				PRODUCT_BUNDLE_IDENTIFIER = com.tsg0o0.cse.Extension;
				PRODUCT_NAME = "$(TARGET_NAME)";
				SKIP_INSTALL = YES;
				SUPPORTED_PLATFORMS = "iphoneos iphonesimulator xros xrsimulator";
				SUPPORTS_MACCATALYST = YES;
				SUPPORTS_MAC_DESIGNED_FOR_IPHONE_IPAD = NO;
				SUPPORTS_XR_DESIGNED_FOR_IPHONE_IPAD = NO;
				SWIFT_EMIT_LOC_STRINGS = YES;
				SWIFT_VERSION = 5.0;
				TARGETED_DEVICE_FAMILY = "1,2,7";
				XROS_DEPLOYMENT_TARGET = 1.0;
			};
			name = Debug;
		};
		90C9BE4D288BE17300E22FB8 /* Release macOS */ = {
			isa = XCBuildConfiguration;
			buildSettings = {
				ASSETCATALOG_COMPILER_APPICON_NAME = AppIcon;
				CODE_SIGN_ENTITLEMENTS = "Custom Search Engine Extension/Custom Search Engine Extension.entitlements";
				CODE_SIGN_STYLE = Automatic;
				CURRENT_PROJECT_VERSION = 9;
				DEVELOPMENT_TEAM = Z8R89S24YT;
				GENERATE_INFOPLIST_FILE = YES;
				INFOPLIST_FILE = "Custom Search Engine Extension/Info.plist";
				INFOPLIST_KEY_CFBundleDisplayName = CSE;
				INFOPLIST_KEY_NSHumanReadableCopyright = "";
				IPHONEOS_DEPLOYMENT_TARGET = 15.0;
				LD_RUNPATH_SEARCH_PATHS = (
					"$(inherited)",
					"@executable_path/Frameworks",
					"@executable_path/../../Frameworks",
				);
				MARKETING_VERSION = 1.6;
				OTHER_LDFLAGS = (
					"-framework",
					SafariServices,
				);
				PRODUCT_BUNDLE_IDENTIFIER = com.tsg0o0.cse.Extension;
				PRODUCT_NAME = "$(TARGET_NAME)";
				SKIP_INSTALL = YES;
				SUPPORTED_PLATFORMS = "iphonesimulator iphoneos";
				SUPPORTS_MACCATALYST = YES;
				SUPPORTS_MAC_DESIGNED_FOR_IPHONE_IPAD = NO;
				SUPPORTS_XR_DESIGNED_FOR_IPHONE_IPAD = NO;
				SWIFT_EMIT_LOC_STRINGS = YES;
				SWIFT_VERSION = 5.0;
				TARGETED_DEVICE_FAMILY = "1,2";
				XROS_DEPLOYMENT_TARGET = 1.0;
			};
			name = "Release macOS";
		};
		90C9BE50288BE17300E22FB8 /* Debug */ = {
			isa = XCBuildConfiguration;
			buildSettings = {
				ALWAYS_EMBED_SWIFT_STANDARD_LIBRARIES = YES;
				ASSETCATALOG_COMPILER_APPICON_NAME = AppIcon;
				ASSETCATALOG_COMPILER_GLOBAL_ACCENT_COLOR_NAME = AccentColor;
				ASSETCATALOG_COMPILER_INCLUDE_ALL_APPICON_ASSETS = YES;
				CODE_SIGN_ENTITLEMENTS = "Custom Search Engine/Custom Search Engine.entitlements";
				CODE_SIGN_STYLE = Automatic;
				CURRENT_PROJECT_VERSION = 17;
				DEVELOPMENT_TEAM = Z8R89S24YT;
				GENERATE_INFOPLIST_FILE = YES;
				INFOPLIST_FILE = "Custom Search Engine/Info.plist";
				INFOPLIST_KEY_CFBundleDisplayName = CSE;
				INFOPLIST_KEY_LSApplicationCategoryType = "public.app-category.utilities";
				INFOPLIST_KEY_UIApplicationSupportsIndirectInputEvents = YES;
				INFOPLIST_KEY_UIRequiresFullScreen = NO;
				INFOPLIST_KEY_UISupportedInterfaceOrientations = "UIInterfaceOrientationLandscapeLeft UIInterfaceOrientationLandscapeRight UIInterfaceOrientationPortrait UIInterfaceOrientationPortraitUpsideDown";
				IPHONEOS_DEPLOYMENT_TARGET = 15.0;
				LD_RUNPATH_SEARCH_PATHS = (
					"$(inherited)",
					"@executable_path/Frameworks",
				);
				MARKETING_VERSION = 2.2;
				OTHER_LDFLAGS = (
					"-framework",
					SafariServices,
					"-framework",
					WebKit,
				);
				PRODUCT_BUNDLE_IDENTIFIER = com.tsg0o0.cse;
				PRODUCT_NAME = "$(TARGET_NAME)";
				SDKROOT = iphoneos;
				SUPPORTED_PLATFORMS = "iphoneos iphonesimulator xros xrsimulator";
				SUPPORTS_MACCATALYST = YES;
				SUPPORTS_MAC_DESIGNED_FOR_IPHONE_IPAD = NO;
				SUPPORTS_XR_DESIGNED_FOR_IPHONE_IPAD = NO;
				SWIFT_EMIT_LOC_STRINGS = YES;
				SWIFT_VERSION = 5.0;
				TARGETED_DEVICE_FAMILY = "1,2,6,7";
				XROS_DEPLOYMENT_TARGET = 1.0;
			};
			name = Debug;
		};
		90C9BE51288BE17300E22FB8 /* Release macOS */ = {
			isa = XCBuildConfiguration;
			buildSettings = {
				ALWAYS_EMBED_SWIFT_STANDARD_LIBRARIES = YES;
				ASSETCATALOG_COMPILER_APPICON_NAME = AppIcon;
				ASSETCATALOG_COMPILER_GLOBAL_ACCENT_COLOR_NAME = AccentColor;
				ASSETCATALOG_COMPILER_INCLUDE_ALL_APPICON_ASSETS = YES;
				CODE_SIGN_ENTITLEMENTS = "Custom Search Engine/Custom Search Engine.entitlements";
				CODE_SIGN_STYLE = Automatic;
				CURRENT_PROJECT_VERSION = 17;
				DEVELOPMENT_TEAM = Z8R89S24YT;
				GENERATE_INFOPLIST_FILE = YES;
				INFOPLIST_FILE = "Custom Search Engine/Info.plist";
				INFOPLIST_KEY_CFBundleDisplayName = CSE;
				INFOPLIST_KEY_LSApplicationCategoryType = "public.app-category.utilities";
				INFOPLIST_KEY_UIApplicationSupportsIndirectInputEvents = YES;
				INFOPLIST_KEY_UIRequiresFullScreen = NO;
				INFOPLIST_KEY_UISupportedInterfaceOrientations = "UIInterfaceOrientationLandscapeLeft UIInterfaceOrientationLandscapeRight UIInterfaceOrientationPortrait UIInterfaceOrientationPortraitUpsideDown";
				IPHONEOS_DEPLOYMENT_TARGET = 15.0;
				LD_RUNPATH_SEARCH_PATHS = (
					"$(inherited)",
					"@executable_path/Frameworks",
				);
				MARKETING_VERSION = 2.2;
				OTHER_LDFLAGS = (
					"-framework",
					SafariServices,
					"-framework",
					WebKit,
				);
				PRODUCT_BUNDLE_IDENTIFIER = com.tsg0o0.cse;
				PRODUCT_NAME = "$(TARGET_NAME)";
				SDKROOT = iphoneos;
				SUPPORTED_PLATFORMS = "iphonesimulator iphoneos";
				SUPPORTS_MACCATALYST = YES;
				SUPPORTS_MAC_DESIGNED_FOR_IPHONE_IPAD = NO;
				SUPPORTS_XR_DESIGNED_FOR_IPHONE_IPAD = NO;
				SWIFT_EMIT_LOC_STRINGS = YES;
				SWIFT_VERSION = 5.0;
				TARGETED_DEVICE_FAMILY = "1,2,6";
				XROS_DEPLOYMENT_TARGET = 1.0;
			};
			name = "Release macOS";
		};
/* End XCBuildConfiguration section */

/* Begin XCConfigurationList section */
		90C9BE0D288BE17000E22FB8 /* Build configuration list for PBXProject "Customize Search Engine" */ = {
			isa = XCConfigurationList;
			buildConfigurations = (
				90C9BE49288BE17300E22FB8 /* Debug */,
				90C9BE4A288BE17300E22FB8 /* Release macOS */,
				908FBC912BAD802B00D77AE5 /* Release visionOS */,
				90BC1A362BAD2CC700961F3B /* Release iOS */,
			);
			defaultConfigurationIsVisible = 0;
			defaultConfigurationName = "Release macOS";
		};
		90C9BE4B288BE17300E22FB8 /* Build configuration list for PBXNativeTarget "Customize Search Engine Extension" */ = {
			isa = XCConfigurationList;
			buildConfigurations = (
				90C9BE4C288BE17300E22FB8 /* Debug */,
				90C9BE4D288BE17300E22FB8 /* Release macOS */,
				908FBC932BAD802B00D77AE5 /* Release visionOS */,
				90BC1A382BAD2CC700961F3B /* Release iOS */,
			);
			defaultConfigurationIsVisible = 0;
			defaultConfigurationName = "Release macOS";
		};
		90C9BE4F288BE17300E22FB8 /* Build configuration list for PBXNativeTarget "Customize Search Engine" */ = {
			isa = XCConfigurationList;
			buildConfigurations = (
				90C9BE50288BE17300E22FB8 /* Debug */,
				90C9BE51288BE17300E22FB8 /* Release macOS */,
				908FBC922BAD802B00D77AE5 /* Release visionOS */,
				90BC1A372BAD2CC700961F3B /* Release iOS */,
			);
			defaultConfigurationIsVisible = 0;
			defaultConfigurationName = "Release macOS";
		};
/* End XCConfigurationList section */
	};
	rootObject = 90C9BE0A288BE17000E22FB8 /* Project object */;
}
